
Microsoft Visual Studio Solution File, Format Version 12.00
# Visual Studio Version 17
VisualStudioVersion = 17.0.31903.59
MinimumVisualStudioVersion = 10.0.40219.1
Project("{9A19103F-16F7-4668-BE54-9A1E7A4F7556}") = "GOES-I", "GOES-I\GOES-I.csproj", "{2B0EA12C-F360-4230-9DE8-59685A4FD73D}"
EndProject
Project("{9A19103F-16F7-4668-BE54-9A1E7A4F7556}") = "GOES-ITest", "GOES-ITest\GOES-ITest.csproj", "{802C61AB-47A9-4A68-A1FB-B96362817C78}"
EndProject
Project("{FAE04EC0-301F-11D3-BF4B-00C04F79EFBC}") = "GOES-X", "GOES-X\GOES-X.csproj", "{C110A815-2523-4F98-8247-320F91DDD6E0}"
EndProject
Global
	GlobalSection(SolutionConfigurationPlatforms) = preSolution
		Debug|Any CPU = Debug|Any CPU
		Debug|x64 = Debug|x64
		Debug|x86 = Debug|x86
		Release|Any CPU = Release|Any CPU
		Release|x64 = Release|x64
		Release|x86 = Release|x86
	EndGlobalSection
	GlobalSection(ProjectConfigurationPlatforms) = postSolution
		{2B0EA12C-F360-4230-9DE8-59685A4FD73D}.Debug|Any CPU.ActiveCfg = Debug|Any CPU
		{2B0EA12C-F360-4230-9DE8-59685A4FD73D}.Debug|Any CPU.Build.0 = Debug|Any CPU
		{2B0EA12C-F360-4230-9DE8-59685A4FD73D}.Debug|x64.ActiveCfg = Debug|Any CPU
		{2B0EA12C-F360-4230-9DE8-59685A4FD73D}.Debug|x64.Build.0 = Debug|Any CPU
		{2B0EA12C-F360-4230-9DE8-59685A4FD73D}.Debug|x86.ActiveCfg = Debug|Any CPU
		{2B0EA12C-F360-4230-9DE8-59685A4FD73D}.Debug|x86.Build.0 = Debug|Any CPU
		{2B0EA12C-F360-4230-9DE8-59685A4FD73D}.Release|Any CPU.ActiveCfg = Release|Any CPU
		{2B0EA12C-F360-4230-9DE8-59685A4FD73D}.Release|Any CPU.Build.0 = Release|Any CPU
		{2B0EA12C-F360-4230-9DE8-59685A4FD73D}.Release|x64.ActiveCfg = Release|Any CPU
		{2B0EA12C-F360-4230-9DE8-59685A4FD73D}.Release|x64.Build.0 = Release|Any CPU
		{2B0EA12C-F360-4230-9DE8-59685A4FD73D}.Release|x86.ActiveCfg = Release|Any CPU
		{2B0EA12C-F360-4230-9DE8-59685A4FD73D}.Release|x86.Build.0 = Release|Any CPU
		{802C61AB-47A9-4A68-A1FB-B96362817C78}.Debug|Any CPU.ActiveCfg = Debug|Any CPU
		{802C61AB-47A9-4A68-A1FB-B96362817C78}.Debug|Any CPU.Build.0 = Debug|Any CPU
		{802C61AB-47A9-4A68-A1FB-B96362817C78}.Debug|x64.ActiveCfg = Debug|Any CPU
		{802C61AB-47A9-4A68-A1FB-B96362817C78}.Debug|x64.Build.0 = Debug|Any CPU
		{802C61AB-47A9-4A68-A1FB-B96362817C78}.Debug|x86.ActiveCfg = Debug|Any CPU
		{802C61AB-47A9-4A68-A1FB-B96362817C78}.Debug|x86.Build.0 = Debug|Any CPU
		{802C61AB-47A9-4A68-A1FB-B96362817C78}.Release|Any CPU.ActiveCfg = Release|Any CPU
		{802C61AB-47A9-4A68-A1FB-B96362817C78}.Release|Any CPU.Build.0 = Release|Any CPU
		{802C61AB-47A9-4A68-A1FB-B96362817C78}.Release|x64.ActiveCfg = Release|Any CPU
		{802C61AB-47A9-4A68-A1FB-B96362817C78}.Release|x64.Build.0 = Release|Any CPU
		{802C61AB-47A9-4A68-A1FB-B96362817C78}.Release|x86.ActiveCfg = Release|Any CPU
		{802C61AB-47A9-4A68-A1FB-B96362817C78}.Release|x86.Build.0 = Release|Any CPU
		{C110A815-2523-4F98-8247-320F91DDD6E0}.Debug|Any CPU.ActiveCfg = Debug|Any CPU
		{C110A815-2523-4F98-8247-320F91DDD6E0}.Debug|Any CPU.Build.0 = Debug|Any CPU
		{C110A815-2523-4F98-8247-320F91DDD6E0}.Debug|x64.ActiveCfg = Debug|Any CPU
		{C110A815-2523-4F98-8247-320F91DDD6E0}.Debug|x64.Build.0 = Debug|Any CPU
		{C110A815-2523-4F98-8247-320F91DDD6E0}.Debug|x86.ActiveCfg = Debug|Any CPU
		{C110A815-2523-4F98-8247-320F91DDD6E0}.Debug|x86.Build.0 = Debug|Any CPU
		{C110A815-2523-4F98-8247-320F91DDD6E0}.Release|Any CPU.ActiveCfg = Release|Any CPU
		{C110A815-2523-4F98-8247-320F91DDD6E0}.Release|Any CPU.Build.0 = Release|Any CPU
		{C110A815-2523-4F98-8247-320F91DDD6E0}.Release|x64.ActiveCfg = Release|Any CPU
		{C110A815-2523-4F98-8247-320F91DDD6E0}.Release|x64.Build.0 = Release|Any CPU
		{C110A815-2523-4F98-8247-320F91DDD6E0}.Release|x86.ActiveCfg = Release|Any CPU
		{C110A815-2523-4F98-8247-320F91DDD6E0}.Release|x86.Build.0 = Release|Any CPU
	EndGlobalSection
	GlobalSection(SolutionProperties) = preSolution
		HideSolutionNode = FALSE
	EndGlobalSection
	GlobalSection(ExtensibilityGlobals) = postSolution
		SolutionGuid = {4C6237F1-ECA6-4CB3-B9FA-C7680ADC7353}
	EndGlobalSection
EndGlobal
