
Microsoft Visual Studio Solution File, Format Version 12.00
# Visual Studio Version 16
VisualStudioVersion = 16.0.30114.105
MinimumVisualStudioVersion = 10.0.40219.1
Project("{FAE04EC0-301F-11D3-BF4B-00C04F79EFBC}") = "GOES-X", "GOES-X\GOES-X.csproj", "{6608E698-8628-4B3E-83FB-4D02FA1DABBE}"
EndProject
Project("{FAE04EC0-301F-11D3-BF4B-00C04F79EFBC}") = "GOESInteract", "GOESInteract\GOESInteract.csproj", "{73C92AFC-1C7C-4E48-8ED3-9229919A96A1}"
EndProject
Global
	GlobalSection(SolutionConfigurationPlatforms) = preSolution
		Debug|Any CPU = Debug|Any CPU
		Debug|x64 = Debug|x64
		Debug|x86 = Debug|x86
		Release|Any CPU = Release|Any CPU
		Release|x64 = Release|x64
		Release|x86 = Release|x86
	EndGlobalSection
	GlobalSection(SolutionProperties) = preSolution
		HideSolutionNode = FALSE
	EndGlobalSection
	GlobalSection(ProjectConfigurationPlatforms) = postSolution
		{6608E698-8628-4B3E-83FB-4D02FA1DABBE}.Debug|Any CPU.ActiveCfg = Debug|Any CPU
		{6608E698-8628-4B3E-83FB-4D02FA1DABBE}.Debug|Any CPU.Build.0 = Debug|Any CPU
		{6608E698-8628-4B3E-83FB-4D02FA1DABBE}.Debug|x64.ActiveCfg = Debug|Any CPU
		{6608E698-8628-4B3E-83FB-4D02FA1DABBE}.Debug|x64.Build.0 = Debug|Any CPU
		{6608E698-8628-4B3E-83FB-4D02FA1DABBE}.Debug|x86.ActiveCfg = Debug|Any CPU
		{6608E698-8628-4B3E-83FB-4D02FA1DABBE}.Debug|x86.Build.0 = Debug|Any CPU
		{6608E698-8628-4B3E-83FB-4D02FA1DABBE}.Release|Any CPU.ActiveCfg = Release|Any CPU
		{6608E698-8628-4B3E-83FB-4D02FA1DABBE}.Release|Any CPU.Build.0 = Release|Any CPU
		{6608E698-8628-4B3E-83FB-4D02FA1DABBE}.Release|x64.ActiveCfg = Release|Any CPU
		{6608E698-8628-4B3E-83FB-4D02FA1DABBE}.Release|x64.Build.0 = Release|Any CPU
		{6608E698-8628-4B3E-83FB-4D02FA1DABBE}.Release|x86.ActiveCfg = Release|Any CPU
		{6608E698-8628-4B3E-83FB-4D02FA1DABBE}.Release|x86.Build.0 = Release|Any CPU
		{73C92AFC-1C7C-4E48-8ED3-9229919A96A1}.Debug|Any CPU.ActiveCfg = Debug|Any CPU
		{73C92AFC-1C7C-4E48-8ED3-9229919A96A1}.Debug|Any CPU.Build.0 = Debug|Any CPU
		{73C92AFC-1C7C-4E48-8ED3-9229919A96A1}.Debug|x64.ActiveCfg = Debug|Any CPU
		{73C92AFC-1C7C-4E48-8ED3-9229919A96A1}.Debug|x64.Build.0 = Debug|Any CPU
		{73C92AFC-1C7C-4E48-8ED3-9229919A96A1}.Debug|x86.ActiveCfg = Debug|Any CPU
		{73C92AFC-1C7C-4E48-8ED3-9229919A96A1}.Debug|x86.Build.0 = Debug|Any CPU
		{73C92AFC-1C7C-4E48-8ED3-9229919A96A1}.Release|Any CPU.ActiveCfg = Release|Any CPU
		{73C92AFC-1C7C-4E48-8ED3-9229919A96A1}.Release|Any CPU.Build.0 = Release|Any CPU
		{73C92AFC-1C7C-4E48-8ED3-9229919A96A1}.Release|x64.ActiveCfg = Release|Any CPU
		{73C92AFC-1C7C-4E48-8ED3-9229919A96A1}.Release|x64.Build.0 = Release|Any CPU
		{73C92AFC-1C7C-4E48-8ED3-9229919A96A1}.Release|x86.ActiveCfg = Release|Any CPU
		{73C92AFC-1C7C-4E48-8ED3-9229919A96A1}.Release|x86.Build.0 = Release|Any CPU
	EndGlobalSection
EndGlobal
